// !$*UTF8*$!
{
	archiveVersion = 1;
	classes = {
	};
	objectVersion = 56;
	objects = {

/* Begin PBXFileReference section */
		82F99F8B29B52B9C006BE86A /* website.html */ = {isa = PBXFileReference; lastKnownFileType = text.html; path = website.html; sourceTree = "<group>"; };
		82F99F8C29B530C3006BE86A /* style.css */ = {isa = PBXFileReference; lastKnownFileType = text.css; path = style.css; sourceTree = "<group>"; };
		82F99F8D29B5347F006BE86A /* script.js */ = {isa = PBXFileReference; lastKnownFileType = sourcecode.javascript; path = script.js; sourceTree = "<group>"; };
		82F99FCB29B564D0006BE86A /* pictures.xcassets */ = {isa = PBXFileReference; lastKnownFileType = folder.assetcatalog; path = pictures.xcassets; sourceTree = "<group>"; };
/* End PBXFileReference section */

/* Begin PBXGroup section */
		82F99F8429B52B78006BE86A = {
			isa = PBXGroup;
			children = (
				82F99FCB29B564D0006BE86A /* pictures.xcassets */,
				82F99F8D29B5347F006BE86A /* script.js */,
				82F99F8C29B530C3006BE86A /* style.css */,
				82F99F8B29B52B9C006BE86A /* website.html */,
			);
			sourceTree = "<group>";
		};
/* End PBXGroup section */

/* Begin PBXProject section */
		82F99F8529B52B78006BE86A /* Project object */ = {
			isa = PBXProject;
			attributes = {
				BuildIndependentTargetsInParallel = 1;
				LastUpgradeCheck = 1420;
			};
			buildConfigurationList = 82F99F8829B52B78006BE86A /* Build configuration list for PBXProject "hoth x" */;
			compatibilityVersion = "Xcode 14.0";
			developmentRegion = en;
			hasScannedForEncodings = 0;
			knownRegions = (
				en,
				Base,
			);
			mainGroup = 82F99F8429B52B78006BE86A;
			projectDirPath = "";
			projectRoot = "";
			targets = (
			);
		};
/* End PBXProject section */

/* Begin XCBuildConfiguration section */
		82F99F8929B52B78006BE86A /* Debug */ = {
			isa = XCBuildConfiguration;
			buildSettings = {
			};
			name = Debug;
		};
		82F99F8A29B52B78006BE86A /* Release */ = {
			isa = XCBuildConfiguration;
			buildSettings = {
			};
			name = Release;
		};
/* End XCBuildConfiguration section */

/* Begin XCConfigurationList section */
		82F99F8829B52B78006BE86A /* Build configuration list for PBXProject "hoth x" */ = {
			isa = XCConfigurationList;
			buildConfigurations = (
				82F99F8929B52B78006BE86A /* Debug */,
				82F99F8A29B52B78006BE86A /* Release */,
			);
			defaultConfigurationIsVisible = 0;
			defaultConfigurationName = Release;
		};
/* End XCConfigurationList section */
	};
	rootObject = 82F99F8529B52B78006BE86A /* Project object */;
}
